
Microsoft Visual Studio Solution File, Format Version 12.00
# Visual Studio 14
VisualStudioVersion = 14.0.23107.0
MinimumVisualStudioVersion = 10.0.40219.1
Project("{FAE04EC0-301F-11D3-BF4B-00C04F79EFBC}") = "CloudPrintforPC", "CloudPrintforPC\CloudPrintforPC.csproj", "{3935BBB0-0A0F-4BF6-8772-FFC3CF06414E}"
	ProjectSection(ProjectDependencies) = postProject
		{181FE707-E161-4722-9F38-6AAAB6FAA106} = {181FE707-E161-4722-9F38-6AAAB6FAA106}
		{E2948079-2536-4B07-9429-07655E8353D6} = {E2948079-2536-4B07-9429-07655E8353D6}
	EndProjectSection
EndProject
Project("{FAE04EC0-301F-11D3-BF4B-00C04F79EFBC}") = "terminal", "terminal20140725\terminal\terminal.csproj", "{E2948079-2536-4B07-9429-07655E8353D6}"
EndProject
Project("{FAE04EC0-301F-11D3-BF4B-00C04F79EFBC}") = "CloudPrint4PC_WPF", "CloudPrint4PC_WPF\CloudPrint4PC_WPF.csproj", "{D6B9B7E2-ABCB-4214-A468-3DD339686E49}"
	ProjectSection(ProjectDependencies) = postProject
		{181FE707-E161-4722-9F38-6AAAB6FAA106} = {181FE707-E161-4722-9F38-6AAAB6FAA106}
		{09DF5A9A-989E-410C-BA72-5A94CF481E57} = {09DF5A9A-989E-410C-BA72-5A94CF481E57}
		{F6A8E9E1-B0B8-41ED-A780-E208C262A111} = {F6A8E9E1-B0B8-41ED-A780-E208C262A111}
		{AED294F4-F7F7-4286-88D0-0122846CA526} = {AED294F4-F7F7-4286-88D0-0122846CA526}
	EndProjectSection
EndProject
Project("{FAE04EC0-301F-11D3-BF4B-00C04F79EFBC}") = "CloudPrintLib", "CloudPrintLib\CloudPrintLib.csproj", "{FB859163-1765-4A42-A129-9C0CC60F2F61}"
	ProjectSection(ProjectDependencies) = postProject
		{181FE707-E161-4722-9F38-6AAAB6FAA106} = {181FE707-E161-4722-9F38-6AAAB6FAA106}
		{E2948079-2536-4B07-9429-07655E8353D6} = {E2948079-2536-4B07-9429-07655E8353D6}
	EndProjectSection
EndProject
Project("{2150E333-8FDC-42A3-9474-1A3956D46DE8}") = "FileRxplorer", "FileRxplorer", "{24F2CB9B-C4EC-4ED9-B611-DAFA34BD7D1D}"
EndProject
Project("{2150E333-8FDC-42A3-9474-1A3956D46DE8}") = "CloudLib", "CloudLib", "{6D203473-F9B6-4E50-BA71-DA8A0BA637D5}"
EndProject
Project("{FAE04EC0-301F-11D3-BF4B-00C04F79EFBC}") = "QuickZip.UserControls", "FileExplorer1__for_W7_and_VS2010\QuickZip.UserControls\QuickZip.UserControls.csproj", "{AED294F4-F7F7-4286-88D0-0122846CA526}"
EndProject
Project("{FAE04EC0-301F-11D3-BF4B-00C04F79EFBC}") = "QuickZip.IO.PIDL.UserControls", "FileExplorer1__for_W7_and_VS2010\QuickZip.IO.PIDL.UserControls\QuickZip.IO.PIDL.UserControls.csproj", "{F6A8E9E1-B0B8-41ED-A780-E208C262A111}"
EndProject
Project("{FAE04EC0-301F-11D3-BF4B-00C04F79EFBC}") = "FileExplorerText", "FileExplorer1__for_W7_and_VS2010\FileExplorerText\FileExplorerText.csproj", "{C68FF8A4-C761-43A5-9514-C3EA0E623B69}"
EndProject
Project("{FAE04EC0-301F-11D3-BF4B-00C04F79EFBC}") = "QuickZip.IO.PIDL", "FileExplorer1__for_W7_and_VS2010\PIDL\src\app\QuickZip.IO.PIDL\QuickZip.IO.PIDL.csproj", "{09DF5A9A-989E-410C-BA72-5A94CF481E57}"
EndProject
Project("{FAE04EC0-301F-11D3-BF4B-00C04F79EFBC}") = "log4net.vs2010", "log4net-1.2.15-src\log4net-1.2.15\src\log4net.vs2010.csproj", "{181FE707-E161-4722-9F38-6AAAB6FAA106}"
EndProject
Project("{FAE04EC0-301F-11D3-BF4B-00C04F79EFBC}") = "PrintJobMonitor", "PrintJobMonitor\PrintJobMonitor.csproj", "{4467275A-037D-49E2-BA6F-E0C4FBB8AB81}"
EndProject
Project("{FAE04EC0-301F-11D3-BF4B-00C04F79EFBC}") = "BaseLib", "BaseLib\BaseLib.csproj", "{4B51AA97-C89F-429A-A5AB-C4B3A00E2758}"
EndProject
Project("{2150E333-8FDC-42A3-9474-1A3956D46DE8}") = "BaseLib", "BaseLib", "{25E4ED7F-23C8-4B66-8099-4536D82F1D2A}"
EndProject
Global
	GlobalSection(SolutionConfigurationPlatforms) = preSolution
		CD_ROM|Any CPU = CD_ROM|Any CPU
		CD_ROM|Mixed Platforms = CD_ROM|Mixed Platforms
		CD_ROM|x64 = CD_ROM|x64
		CD_ROM|x86 = CD_ROM|x86
		Debug|Any CPU = Debug|Any CPU
		Debug|Mixed Platforms = Debug|Mixed Platforms
		Debug|x64 = Debug|x64
		Debug|x86 = Debug|x86
		DVD-5|Any CPU = DVD-5|Any CPU
		DVD-5|Mixed Platforms = DVD-5|Mixed Platforms
		DVD-5|x64 = DVD-5|x64
		DVD-5|x86 = DVD-5|x86
		Release|Any CPU = Release|Any CPU
		Release|Mixed Platforms = Release|Mixed Platforms
		Release|x64 = Release|x64
		Release|x86 = Release|x86
		SingleImage|Any CPU = SingleImage|Any CPU
		SingleImage|Mixed Platforms = SingleImage|Mixed Platforms
		SingleImage|x64 = SingleImage|x64
		SingleImage|x86 = SingleImage|x86
		suck|Any CPU = suck|Any CPU
		suck|Mixed Platforms = suck|Mixed Platforms
		suck|x64 = suck|x64
		suck|x86 = suck|x86
		xxx|Any CPU = xxx|Any CPU
		xxx|Mixed Platforms = xxx|Mixed Platforms
		xxx|x64 = xxx|x64
		xxx|x86 = xxx|x86
	EndGlobalSection
	GlobalSection(ProjectConfigurationPlatforms) = postSolution
		{3935BBB0-0A0F-4BF6-8772-FFC3CF06414E}.CD_ROM|Any CPU.ActiveCfg = Release|x86
		{3935BBB0-0A0F-4BF6-8772-FFC3CF06414E}.CD_ROM|Any CPU.Build.0 = Release|x86
		{3935BBB0-0A0F-4BF6-8772-FFC3CF06414E}.CD_ROM|Mixed Platforms.ActiveCfg = Release|x86
		{3935BBB0-0A0F-4BF6-8772-FFC3CF06414E}.CD_ROM|Mixed Platforms.Build.0 = Release|x86
		{3935BBB0-0A0F-4BF6-8772-FFC3CF06414E}.CD_ROM|x64.ActiveCfg = Debug|x86
		{3935BBB0-0A0F-4BF6-8772-FFC3CF06414E}.CD_ROM|x64.Build.0 = Debug|x86
		{3935BBB0-0A0F-4BF6-8772-FFC3CF06414E}.CD_ROM|x86.ActiveCfg = Release|x86
		{3935BBB0-0A0F-4BF6-8772-FFC3CF06414E}.CD_ROM|x86.Build.0 = Release|x86
		{3935BBB0-0A0F-4BF6-8772-FFC3CF06414E}.Debug|Any CPU.ActiveCfg = Debug|x86
		{3935BBB0-0A0F-4BF6-8772-FFC3CF06414E}.Debug|Mixed Platforms.ActiveCfg = Debug|x86
		{3935BBB0-0A0F-4BF6-8772-FFC3CF06414E}.Debug|Mixed Platforms.Build.0 = Debug|x86
		{3935BBB0-0A0F-4BF6-8772-FFC3CF06414E}.Debug|x64.ActiveCfg = Debug|x86
		{3935BBB0-0A0F-4BF6-8772-FFC3CF06414E}.Debug|x86.ActiveCfg = Debug|x86
		{3935BBB0-0A0F-4BF6-8772-FFC3CF06414E}.Debug|x86.Build.0 = Debug|x86
		{3935BBB0-0A0F-4BF6-8772-FFC3CF06414E}.DVD-5|Any CPU.ActiveCfg = Release|x86
		{3935BBB0-0A0F-4BF6-8772-FFC3CF06414E}.DVD-5|Any CPU.Build.0 = Release|x86
		{3935BBB0-0A0F-4BF6-8772-FFC3CF06414E}.DVD-5|Mixed Platforms.ActiveCfg = Debug|x86
		{3935BBB0-0A0F-4BF6-8772-FFC3CF06414E}.DVD-5|Mixed Platforms.Build.0 = Debug|x86
		{3935BBB0-0A0F-4BF6-8772-FFC3CF06414E}.DVD-5|x64.ActiveCfg = Debug|x86
		{3935BBB0-0A0F-4BF6-8772-FFC3CF06414E}.DVD-5|x64.Build.0 = Debug|x86
		{3935BBB0-0A0F-4BF6-8772-FFC3CF06414E}.DVD-5|x86.ActiveCfg = Debug|x86
		{3935BBB0-0A0F-4BF6-8772-FFC3CF06414E}.DVD-5|x86.Build.0 = Debug|x86
		{3935BBB0-0A0F-4BF6-8772-FFC3CF06414E}.Release|Any CPU.ActiveCfg = Release|x86
		{3935BBB0-0A0F-4BF6-8772-FFC3CF06414E}.Release|Mixed Platforms.ActiveCfg = Release|x86
		{3935BBB0-0A0F-4BF6-8772-FFC3CF06414E}.Release|Mixed Platforms.Build.0 = Release|x86
		{3935BBB0-0A0F-4BF6-8772-FFC3CF06414E}.Release|x64.ActiveCfg = Release|x86
		{3935BBB0-0A0F-4BF6-8772-FFC3CF06414E}.Release|x86.ActiveCfg = Release|x86
		{3935BBB0-0A0F-4BF6-8772-FFC3CF06414E}.Release|x86.Build.0 = Release|x86
		{3935BBB0-0A0F-4BF6-8772-FFC3CF06414E}.SingleImage|Any CPU.ActiveCfg = Release|x86
		{3935BBB0-0A0F-4BF6-8772-FFC3CF06414E}.SingleImage|Any CPU.Build.0 = Release|x86
		{3935BBB0-0A0F-4BF6-8772-FFC3CF06414E}.SingleImage|Mixed Platforms.ActiveCfg = Release|x86
		{3935BBB0-0A0F-4BF6-8772-FFC3CF06414E}.SingleImage|Mixed Platforms.Build.0 = Release|x86
		{3935BBB0-0A0F-4BF6-8772-FFC3CF06414E}.SingleImage|x64.ActiveCfg = Debug|x86
		{3935BBB0-0A0F-4BF6-8772-FFC3CF06414E}.SingleImage|x64.Build.0 = Debug|x86
		{3935BBB0-0A0F-4BF6-8772-FFC3CF06414E}.SingleImage|x86.ActiveCfg = Release|x86
		{3935BBB0-0A0F-4BF6-8772-FFC3CF06414E}.SingleImage|x86.Build.0 = Release|x86
		{3935BBB0-0A0F-4BF6-8772-FFC3CF06414E}.suck|Any CPU.ActiveCfg = Debug|x86
		{3935BBB0-0A0F-4BF6-8772-FFC3CF06414E}.suck|Any CPU.Build.0 = Debug|x86
		{3935BBB0-0A0F-4BF6-8772-FFC3CF06414E}.suck|Mixed Platforms.ActiveCfg = Debug|x86
		{3935BBB0-0A0F-4BF6-8772-FFC3CF06414E}.suck|Mixed Platforms.Build.0 = Debug|x86
		{3935BBB0-0A0F-4BF6-8772-FFC3CF06414E}.suck|x64.ActiveCfg = Debug|x86
		{3935BBB0-0A0F-4BF6-8772-FFC3CF06414E}.suck|x64.Build.0 = Debug|x86
		{3935BBB0-0A0F-4BF6-8772-FFC3CF06414E}.suck|x86.ActiveCfg = Debug|x86
		{3935BBB0-0A0F-4BF6-8772-FFC3CF06414E}.suck|x86.Build.0 = Debug|x86
		{3935BBB0-0A0F-4BF6-8772-FFC3CF06414E}.xxx|Any CPU.ActiveCfg = Debug|x86
		{3935BBB0-0A0F-4BF6-8772-FFC3CF06414E}.xxx|Any CPU.Build.0 = Debug|x86
		{3935BBB0-0A0F-4BF6-8772-FFC3CF06414E}.xxx|Mixed Platforms.ActiveCfg = Debug|x86
		{3935BBB0-0A0F-4BF6-8772-FFC3CF06414E}.xxx|Mixed Platforms.Build.0 = Debug|x86
		{3935BBB0-0A0F-4BF6-8772-FFC3CF06414E}.xxx|x64.ActiveCfg = Debug|x86
		{3935BBB0-0A0F-4BF6-8772-FFC3CF06414E}.xxx|x64.Build.0 = Debug|x86
		{3935BBB0-0A0F-4BF6-8772-FFC3CF06414E}.xxx|x86.ActiveCfg = Debug|x86
		{3935BBB0-0A0F-4BF6-8772-FFC3CF06414E}.xxx|x86.Build.0 = Debug|x86
		{E2948079-2536-4B07-9429-07655E8353D6}.CD_ROM|Any CPU.ActiveCfg = Release|Any CPU
		{E2948079-2536-4B07-9429-07655E8353D6}.CD_ROM|Any CPU.Build.0 = Release|Any CPU
		{E2948079-2536-4B07-9429-07655E8353D6}.CD_ROM|Mixed Platforms.ActiveCfg = Release|Any CPU
		{E2948079-2536-4B07-9429-07655E8353D6}.CD_ROM|Mixed Platforms.Build.0 = Release|Any CPU
		{E2948079-2536-4B07-9429-07655E8353D6}.CD_ROM|x64.ActiveCfg = Debug|Any CPU
		{E2948079-2536-4B07-9429-07655E8353D6}.CD_ROM|x64.Build.0 = Debug|Any CPU
		{E2948079-2536-4B07-9429-07655E8353D6}.CD_ROM|x86.ActiveCfg = Release|Any CPU
		{E2948079-2536-4B07-9429-07655E8353D6}.CD_ROM|x86.Build.0 = Release|Any CPU
		{E2948079-2536-4B07-9429-07655E8353D6}.Debug|Any CPU.ActiveCfg = Debug|Any CPU
		{E2948079-2536-4B07-9429-07655E8353D6}.Debug|Mixed Platforms.ActiveCfg = Debug|Any CPU
		{E2948079-2536-4B07-9429-07655E8353D6}.Debug|Mixed Platforms.Build.0 = Debug|Any CPU
		{E2948079-2536-4B07-9429-07655E8353D6}.Debug|x64.ActiveCfg = Debug|Any CPU
		{E2948079-2536-4B07-9429-07655E8353D6}.Debug|x64.Build.0 = Debug|Any CPU
		{E2948079-2536-4B07-9429-07655E8353D6}.Debug|x86.ActiveCfg = Debug|Any CPU
		{E2948079-2536-4B07-9429-07655E8353D6}.Debug|x86.Build.0 = Debug|Any CPU
		{E2948079-2536-4B07-9429-07655E8353D6}.DVD-5|Any CPU.ActiveCfg = Debug|Any CPU
		{E2948079-2536-4B07-9429-07655E8353D6}.DVD-5|Any CPU.Build.0 = Debug|Any CPU
		{E2948079-2536-4B07-9429-07655E8353D6}.DVD-5|Mixed Platforms.ActiveCfg = Debug|Any CPU
		{E2948079-2536-4B07-9429-07655E8353D6}.DVD-5|Mixed Platforms.Build.0 = Debug|Any CPU
		{E2948079-2536-4B07-9429-07655E8353D6}.DVD-5|x64.ActiveCfg = Debug|Any CPU
		{E2948079-2536-4B07-9429-07655E8353D6}.DVD-5|x64.Build.0 = Debug|Any CPU
		{E2948079-2536-4B07-9429-07655E8353D6}.DVD-5|x86.ActiveCfg = Debug|Any CPU
		{E2948079-2536-4B07-9429-07655E8353D6}.DVD-5|x86.Build.0 = Debug|Any CPU
		{E2948079-2536-4B07-9429-07655E8353D6}.Release|Any CPU.ActiveCfg = Release|Any CPU
		{E2948079-2536-4B07-9429-07655E8353D6}.Release|Any CPU.Build.0 = Release|Any CPU
		{E2948079-2536-4B07-9429-07655E8353D6}.Release|Mixed Platforms.ActiveCfg = Release|Any CPU
		{E2948079-2536-4B07-9429-07655E8353D6}.Release|Mixed Platforms.Build.0 = Release|Any CPU
		{E2948079-2536-4B07-9429-07655E8353D6}.Release|x64.ActiveCfg = Release|Any CPU
		{E2948079-2536-4B07-9429-07655E8353D6}.Release|x64.Build.0 = Release|Any CPU
		{E2948079-2536-4B07-9429-07655E8353D6}.Release|x86.ActiveCfg = Release|Any CPU
		{E2948079-2536-4B07-9429-07655E8353D6}.SingleImage|Any CPU.ActiveCfg = Release|Any CPU
		{E2948079-2536-4B07-9429-07655E8353D6}.SingleImage|Any CPU.Build.0 = Release|Any CPU
		{E2948079-2536-4B07-9429-07655E8353D6}.SingleImage|Mixed Platforms.ActiveCfg = Release|Any CPU
		{E2948079-2536-4B07-9429-07655E8353D6}.SingleImage|Mixed Platforms.Build.0 = Release|Any CPU
		{E2948079-2536-4B07-9429-07655E8353D6}.SingleImage|x64.ActiveCfg = Debug|Any CPU
		{E2948079-2536-4B07-9429-07655E8353D6}.SingleImage|x64.Build.0 = Debug|Any CPU
		{E2948079-2536-4B07-9429-07655E8353D6}.SingleImage|x86.ActiveCfg = Release|Any CPU
		{E2948079-2536-4B07-9429-07655E8353D6}.SingleImage|x86.Build.0 = Release|Any CPU
		{E2948079-2536-4B07-9429-07655E8353D6}.suck|Any CPU.ActiveCfg = Debug|Any CPU
		{E2948079-2536-4B07-9429-07655E8353D6}.suck|Any CPU.Build.0 = Debug|Any CPU
		{E2948079-2536-4B07-9429-07655E8353D6}.suck|Mixed Platforms.ActiveCfg = Debug|Any CPU
		{E2948079-2536-4B07-9429-07655E8353D6}.suck|Mixed Platforms.Build.0 = Debug|Any CPU
		{E2948079-2536-4B07-9429-07655E8353D6}.suck|x64.ActiveCfg = Debug|Any CPU
		{E2948079-2536-4B07-9429-07655E8353D6}.suck|x64.Build.0 = Debug|Any CPU
		{E2948079-2536-4B07-9429-07655E8353D6}.suck|x86.ActiveCfg = Debug|Any CPU
		{E2948079-2536-4B07-9429-07655E8353D6}.suck|x86.Build.0 = Debug|Any CPU
		{E2948079-2536-4B07-9429-07655E8353D6}.xxx|Any CPU.ActiveCfg = Debug|Any CPU
		{E2948079-2536-4B07-9429-07655E8353D6}.xxx|Any CPU.Build.0 = Debug|Any CPU
		{E2948079-2536-4B07-9429-07655E8353D6}.xxx|Mixed Platforms.ActiveCfg = Debug|Any CPU
		{E2948079-2536-4B07-9429-07655E8353D6}.xxx|Mixed Platforms.Build.0 = Debug|Any CPU
		{E2948079-2536-4B07-9429-07655E8353D6}.xxx|x64.ActiveCfg = Debug|Any CPU
		{E2948079-2536-4B07-9429-07655E8353D6}.xxx|x64.Build.0 = Debug|Any CPU
		{E2948079-2536-4B07-9429-07655E8353D6}.xxx|x86.ActiveCfg = Debug|Any CPU
		{E2948079-2536-4B07-9429-07655E8353D6}.xxx|x86.Build.0 = Debug|Any CPU
		{D6B9B7E2-ABCB-4214-A468-3DD339686E49}.CD_ROM|Any CPU.ActiveCfg = Release|Any CPU
		{D6B9B7E2-ABCB-4214-A468-3DD339686E49}.CD_ROM|Any CPU.Build.0 = Release|Any CPU
		{D6B9B7E2-ABCB-4214-A468-3DD339686E49}.CD_ROM|Mixed Platforms.ActiveCfg = Release|Any CPU
		{D6B9B7E2-ABCB-4214-A468-3DD339686E49}.CD_ROM|Mixed Platforms.Build.0 = Release|Any CPU
		{D6B9B7E2-ABCB-4214-A468-3DD339686E49}.CD_ROM|x64.ActiveCfg = xxx|x64
		{D6B9B7E2-ABCB-4214-A468-3DD339686E49}.CD_ROM|x64.Build.0 = xxx|x64
		{D6B9B7E2-ABCB-4214-A468-3DD339686E49}.CD_ROM|x86.ActiveCfg = Release|Any CPU
		{D6B9B7E2-ABCB-4214-A468-3DD339686E49}.CD_ROM|x86.Build.0 = Release|Any CPU
		{D6B9B7E2-ABCB-4214-A468-3DD339686E49}.Debug|Any CPU.ActiveCfg = Debug|Any CPU
		{D6B9B7E2-ABCB-4214-A468-3DD339686E49}.Debug|Mixed Platforms.ActiveCfg = Debug|Any CPU
		{D6B9B7E2-ABCB-4214-A468-3DD339686E49}.Debug|Mixed Platforms.Build.0 = Debug|Any CPU
		{D6B9B7E2-ABCB-4214-A468-3DD339686E49}.Debug|x64.ActiveCfg = Debug|x64
		{D6B9B7E2-ABCB-4214-A468-3DD339686E49}.Debug|x86.ActiveCfg = Debug|x86
		{D6B9B7E2-ABCB-4214-A468-3DD339686E49}.Debug|x86.Build.0 = Debug|x86
		{D6B9B7E2-ABCB-4214-A468-3DD339686E49}.DVD-5|Any CPU.ActiveCfg = Debug|Any CPU
		{D6B9B7E2-ABCB-4214-A468-3DD339686E49}.DVD-5|Any CPU.Build.0 = Debug|Any CPU
		{D6B9B7E2-ABCB-4214-A468-3DD339686E49}.DVD-5|Mixed Platforms.ActiveCfg = Debug|Any CPU
		{D6B9B7E2-ABCB-4214-A468-3DD339686E49}.DVD-5|Mixed Platforms.Build.0 = Debug|Any CPU
		{D6B9B7E2-ABCB-4214-A468-3DD339686E49}.DVD-5|x64.ActiveCfg = Debug|x64
		{D6B9B7E2-ABCB-4214-A468-3DD339686E49}.DVD-5|x64.Build.0 = Debug|x64
		{D6B9B7E2-ABCB-4214-A468-3DD339686E49}.DVD-5|x86.ActiveCfg = Debug|Any CPU
		{D6B9B7E2-ABCB-4214-A468-3DD339686E49}.DVD-5|x86.Build.0 = Debug|Any CPU
		{D6B9B7E2-ABCB-4214-A468-3DD339686E49}.Release|Any CPU.ActiveCfg = Release|Any CPU
		{D6B9B7E2-ABCB-4214-A468-3DD339686E49}.Release|Any CPU.Build.0 = Release|Any CPU
		{D6B9B7E2-ABCB-4214-A468-3DD339686E49}.Release|Mixed Platforms.ActiveCfg = Release|Any CPU
		{D6B9B7E2-ABCB-4214-A468-3DD339686E49}.Release|Mixed Platforms.Build.0 = Release|Any CPU
		{D6B9B7E2-ABCB-4214-A468-3DD339686E49}.Release|x64.ActiveCfg = Release|x64
		{D6B9B7E2-ABCB-4214-A468-3DD339686E49}.Release|x64.Build.0 = Release|x64
		{D6B9B7E2-ABCB-4214-A468-3DD339686E49}.Release|x86.ActiveCfg = Release|Any CPU
		{D6B9B7E2-ABCB-4214-A468-3DD339686E49}.SingleImage|Any CPU.ActiveCfg = Release|Any CPU
		{D6B9B7E2-ABCB-4214-A468-3DD339686E49}.SingleImage|Any CPU.Build.0 = Release|Any CPU
		{D6B9B7E2-ABCB-4214-A468-3DD339686E49}.SingleImage|Mixed Platforms.ActiveCfg = Release|Any CPU
		{D6B9B7E2-ABCB-4214-A468-3DD339686E49}.SingleImage|Mixed Platforms.Build.0 = Release|Any CPU
		{D6B9B7E2-ABCB-4214-A468-3DD339686E49}.SingleImage|x64.ActiveCfg = suck|x64
		{D6B9B7E2-ABCB-4214-A468-3DD339686E49}.SingleImage|x64.Build.0 = suck|x64
		{D6B9B7E2-ABCB-4214-A468-3DD339686E49}.SingleImage|x86.ActiveCfg = Release|Any CPU
		{D6B9B7E2-ABCB-4214-A468-3DD339686E49}.SingleImage|x86.Build.0 = Release|Any CPU
		{D6B9B7E2-ABCB-4214-A468-3DD339686E49}.suck|Any CPU.ActiveCfg = suck|Any CPU
		{D6B9B7E2-ABCB-4214-A468-3DD339686E49}.suck|Any CPU.Build.0 = suck|Any CPU
		{D6B9B7E2-ABCB-4214-A468-3DD339686E49}.suck|Mixed Platforms.ActiveCfg = suck|Any CPU
		{D6B9B7E2-ABCB-4214-A468-3DD339686E49}.suck|Mixed Platforms.Build.0 = suck|Any CPU
		{D6B9B7E2-ABCB-4214-A468-3DD339686E49}.suck|x64.ActiveCfg = suck|x64
		{D6B9B7E2-ABCB-4214-A468-3DD339686E49}.suck|x64.Build.0 = suck|x64
		{D6B9B7E2-ABCB-4214-A468-3DD339686E49}.suck|x86.ActiveCfg = suck|Any CPU
		{D6B9B7E2-ABCB-4214-A468-3DD339686E49}.suck|x86.Build.0 = suck|Any CPU
		{D6B9B7E2-ABCB-4214-A468-3DD339686E49}.xxx|Any CPU.ActiveCfg = xxx|Any CPU
		{D6B9B7E2-ABCB-4214-A468-3DD339686E49}.xxx|Any CPU.Build.0 = xxx|Any CPU
		{D6B9B7E2-ABCB-4214-A468-3DD339686E49}.xxx|Mixed Platforms.ActiveCfg = xxx|Any CPU
		{D6B9B7E2-ABCB-4214-A468-3DD339686E49}.xxx|Mixed Platforms.Build.0 = xxx|Any CPU
		{D6B9B7E2-ABCB-4214-A468-3DD339686E49}.xxx|x64.ActiveCfg = xxx|x64
		{D6B9B7E2-ABCB-4214-A468-3DD339686E49}.xxx|x64.Build.0 = xxx|x64
		{D6B9B7E2-ABCB-4214-A468-3DD339686E49}.xxx|x86.ActiveCfg = Debug|Any CPU
		{FB859163-1765-4A42-A129-9C0CC60F2F61}.CD_ROM|Any CPU.ActiveCfg = Release|Any CPU
		{FB859163-1765-4A42-A129-9C0CC60F2F61}.CD_ROM|Any CPU.Build.0 = Release|Any CPU
		{FB859163-1765-4A42-A129-9C0CC60F2F61}.CD_ROM|Mixed Platforms.ActiveCfg = Release|Any CPU
		{FB859163-1765-4A42-A129-9C0CC60F2F61}.CD_ROM|Mixed Platforms.Build.0 = Release|Any CPU
		{FB859163-1765-4A42-A129-9C0CC60F2F61}.CD_ROM|x64.ActiveCfg = Debug|Any CPU
		{FB859163-1765-4A42-A129-9C0CC60F2F61}.CD_ROM|x64.Build.0 = Debug|Any CPU
		{FB859163-1765-4A42-A129-9C0CC60F2F61}.CD_ROM|x86.ActiveCfg = Release|Any CPU
		{FB859163-1765-4A42-A129-9C0CC60F2F61}.CD_ROM|x86.Build.0 = Release|Any CPU
		{FB859163-1765-4A42-A129-9C0CC60F2F61}.Debug|Any CPU.ActiveCfg = Debug|Any CPU
		{FB859163-1765-4A42-A129-9C0CC60F2F61}.Debug|Mixed Platforms.ActiveCfg = Debug|Any CPU
		{FB859163-1765-4A42-A129-9C0CC60F2F61}.Debug|Mixed Platforms.Build.0 = Debug|Any CPU
		{FB859163-1765-4A42-A129-9C0CC60F2F61}.Debug|x64.ActiveCfg = Debug|Any CPU
		{FB859163-1765-4A42-A129-9C0CC60F2F61}.Debug|x86.ActiveCfg = Debug|Any CPU
		{FB859163-1765-4A42-A129-9C0CC60F2F61}.Debug|x86.Build.0 = Debug|Any CPU
		{FB859163-1765-4A42-A129-9C0CC60F2F61}.DVD-5|Any CPU.ActiveCfg = Debug|Any CPU
		{FB859163-1765-4A42-A129-9C0CC60F2F61}.DVD-5|Any CPU.Build.0 = Debug|Any CPU
		{FB859163-1765-4A42-A129-9C0CC60F2F61}.DVD-5|Mixed Platforms.ActiveCfg = Debug|Any CPU
		{FB859163-1765-4A42-A129-9C0CC60F2F61}.DVD-5|Mixed Platforms.Build.0 = Debug|Any CPU
		{FB859163-1765-4A42-A129-9C0CC60F2F61}.DVD-5|x64.ActiveCfg = Debug|Any CPU
		{FB859163-1765-4A42-A129-9C0CC60F2F61}.DVD-5|x64.Build.0 = Debug|Any CPU
		{FB859163-1765-4A42-A129-9C0CC60F2F61}.DVD-5|x86.ActiveCfg = Debug|Any CPU
		{FB859163-1765-4A42-A129-9C0CC60F2F61}.DVD-5|x86.Build.0 = Debug|Any CPU
		{FB859163-1765-4A42-A129-9C0CC60F2F61}.Release|Any CPU.ActiveCfg = Release|Any CPU
		{FB859163-1765-4A42-A129-9C0CC60F2F61}.Release|Any CPU.Build.0 = Release|Any CPU
		{FB859163-1765-4A42-A129-9C0CC60F2F61}.Release|Mixed Platforms.ActiveCfg = Release|Any CPU
		{FB859163-1765-4A42-A129-9C0CC60F2F61}.Release|Mixed Platforms.Build.0 = Release|Any CPU
		{FB859163-1765-4A42-A129-9C0CC60F2F61}.Release|x64.ActiveCfg = Release|Any CPU
		{FB859163-1765-4A42-A129-9C0CC60F2F61}.Release|x64.Build.0 = Release|Any CPU
		{FB859163-1765-4A42-A129-9C0CC60F2F61}.Release|x86.ActiveCfg = Release|Any CPU
		{FB859163-1765-4A42-A129-9C0CC60F2F61}.SingleImage|Any CPU.ActiveCfg = Release|Any CPU
		{FB859163-1765-4A42-A129-9C0CC60F2F61}.SingleImage|Any CPU.Build.0 = Release|Any CPU
		{FB859163-1765-4A42-A129-9C0CC60F2F61}.SingleImage|Mixed Platforms.ActiveCfg = Release|Any CPU
		{FB859163-1765-4A42-A129-9C0CC60F2F61}.SingleImage|Mixed Platforms.Build.0 = Release|Any CPU
		{FB859163-1765-4A42-A129-9C0CC60F2F61}.SingleImage|x64.ActiveCfg = Debug|Any CPU
		{FB859163-1765-4A42-A129-9C0CC60F2F61}.SingleImage|x64.Build.0 = Debug|Any CPU
		{FB859163-1765-4A42-A129-9C0CC60F2F61}.SingleImage|x86.ActiveCfg = Release|Any CPU
		{FB859163-1765-4A42-A129-9C0CC60F2F61}.SingleImage|x86.Build.0 = Release|Any CPU
		{FB859163-1765-4A42-A129-9C0CC60F2F61}.suck|Any CPU.ActiveCfg = Debug|Any CPU
		{FB859163-1765-4A42-A129-9C0CC60F2F61}.suck|Any CPU.Build.0 = Debug|Any CPU
		{FB859163-1765-4A42-A129-9C0CC60F2F61}.suck|Mixed Platforms.ActiveCfg = Debug|Any CPU
		{FB859163-1765-4A42-A129-9C0CC60F2F61}.suck|Mixed Platforms.Build.0 = Debug|Any CPU
		{FB859163-1765-4A42-A129-9C0CC60F2F61}.suck|x64.ActiveCfg = Debug|Any CPU
		{FB859163-1765-4A42-A129-9C0CC60F2F61}.suck|x64.Build.0 = Debug|Any CPU
		{FB859163-1765-4A42-A129-9C0CC60F2F61}.suck|x86.ActiveCfg = Debug|Any CPU
		{FB859163-1765-4A42-A129-9C0CC60F2F61}.suck|x86.Build.0 = Debug|Any CPU
		{FB859163-1765-4A42-A129-9C0CC60F2F61}.xxx|Any CPU.ActiveCfg = Debug|Any CPU
		{FB859163-1765-4A42-A129-9C0CC60F2F61}.xxx|Any CPU.Build.0 = Debug|Any CPU
		{FB859163-1765-4A42-A129-9C0CC60F2F61}.xxx|Mixed Platforms.ActiveCfg = Debug|Any CPU
		{FB859163-1765-4A42-A129-9C0CC60F2F61}.xxx|Mixed Platforms.Build.0 = Debug|Any CPU
		{FB859163-1765-4A42-A129-9C0CC60F2F61}.xxx|x64.ActiveCfg = Debug|Any CPU
		{FB859163-1765-4A42-A129-9C0CC60F2F61}.xxx|x64.Build.0 = Debug|Any CPU
		{FB859163-1765-4A42-A129-9C0CC60F2F61}.xxx|x86.ActiveCfg = Debug|Any CPU
		{FB859163-1765-4A42-A129-9C0CC60F2F61}.xxx|x86.Build.0 = Debug|Any CPU
		{AED294F4-F7F7-4286-88D0-0122846CA526}.CD_ROM|Any CPU.ActiveCfg = Release|Any CPU
		{AED294F4-F7F7-4286-88D0-0122846CA526}.CD_ROM|Any CPU.Build.0 = Release|Any CPU
		{AED294F4-F7F7-4286-88D0-0122846CA526}.CD_ROM|Mixed Platforms.ActiveCfg = Release|Any CPU
		{AED294F4-F7F7-4286-88D0-0122846CA526}.CD_ROM|Mixed Platforms.Build.0 = Release|Any CPU
		{AED294F4-F7F7-4286-88D0-0122846CA526}.CD_ROM|x64.ActiveCfg = Debug|Any CPU
		{AED294F4-F7F7-4286-88D0-0122846CA526}.CD_ROM|x64.Build.0 = Debug|Any CPU
		{AED294F4-F7F7-4286-88D0-0122846CA526}.CD_ROM|x86.ActiveCfg = Release|Any CPU
		{AED294F4-F7F7-4286-88D0-0122846CA526}.CD_ROM|x86.Build.0 = Release|Any CPU
		{AED294F4-F7F7-4286-88D0-0122846CA526}.Debug|Any CPU.ActiveCfg = Debug|Any CPU
		{AED294F4-F7F7-4286-88D0-0122846CA526}.Debug|Mixed Platforms.ActiveCfg = Debug|Any CPU
		{AED294F4-F7F7-4286-88D0-0122846CA526}.Debug|Mixed Platforms.Build.0 = Debug|Any CPU
		{AED294F4-F7F7-4286-88D0-0122846CA526}.Debug|x64.ActiveCfg = Debug|Any CPU
		{AED294F4-F7F7-4286-88D0-0122846CA526}.Debug|x64.Build.0 = Debug|Any CPU
		{AED294F4-F7F7-4286-88D0-0122846CA526}.Debug|x86.ActiveCfg = Debug|Any CPU
		{AED294F4-F7F7-4286-88D0-0122846CA526}.Debug|x86.Build.0 = Debug|Any CPU
		{AED294F4-F7F7-4286-88D0-0122846CA526}.DVD-5|Any CPU.ActiveCfg = Debug|Any CPU
		{AED294F4-F7F7-4286-88D0-0122846CA526}.DVD-5|Any CPU.Build.0 = Debug|Any CPU
		{AED294F4-F7F7-4286-88D0-0122846CA526}.DVD-5|Mixed Platforms.ActiveCfg = Debug|Any CPU
		{AED294F4-F7F7-4286-88D0-0122846CA526}.DVD-5|Mixed Platforms.Build.0 = Debug|Any CPU
		{AED294F4-F7F7-4286-88D0-0122846CA526}.DVD-5|x64.ActiveCfg = Debug|Any CPU
		{AED294F4-F7F7-4286-88D0-0122846CA526}.DVD-5|x64.Build.0 = Debug|Any CPU
		{AED294F4-F7F7-4286-88D0-0122846CA526}.DVD-5|x86.ActiveCfg = Debug|Any CPU
		{AED294F4-F7F7-4286-88D0-0122846CA526}.DVD-5|x86.Build.0 = Debug|Any CPU
		{AED294F4-F7F7-4286-88D0-0122846CA526}.Release|Any CPU.ActiveCfg = Release|Any CPU
		{AED294F4-F7F7-4286-88D0-0122846CA526}.Release|Any CPU.Build.0 = Release|Any CPU
		{AED294F4-F7F7-4286-88D0-0122846CA526}.Release|Mixed Platforms.ActiveCfg = Release|Any CPU
		{AED294F4-F7F7-4286-88D0-0122846CA526}.Release|Mixed Platforms.Build.0 = Release|Any CPU
		{AED294F4-F7F7-4286-88D0-0122846CA526}.Release|x64.ActiveCfg = Release|Any CPU
		{AED294F4-F7F7-4286-88D0-0122846CA526}.Release|x64.Build.0 = Release|Any CPU
		{AED294F4-F7F7-4286-88D0-0122846CA526}.Release|x86.ActiveCfg = Release|Any CPU
		{AED294F4-F7F7-4286-88D0-0122846CA526}.Release|x86.Build.0 = Release|Any CPU
		{AED294F4-F7F7-4286-88D0-0122846CA526}.SingleImage|Any CPU.ActiveCfg = Release|Any CPU
		{AED294F4-F7F7-4286-88D0-0122846CA526}.SingleImage|Any CPU.Build.0 = Release|Any CPU
		{AED294F4-F7F7-4286-88D0-0122846CA526}.SingleImage|Mixed Platforms.ActiveCfg = Release|Any CPU
		{AED294F4-F7F7-4286-88D0-0122846CA526}.SingleImage|Mixed Platforms.Build.0 = Release|Any CPU
		{AED294F4-F7F7-4286-88D0-0122846CA526}.SingleImage|x64.ActiveCfg = Debug|Any CPU
		{AED294F4-F7F7-4286-88D0-0122846CA526}.SingleImage|x64.Build.0 = Debug|Any CPU
		{AED294F4-F7F7-4286-88D0-0122846CA526}.SingleImage|x86.ActiveCfg = Release|Any CPU
		{AED294F4-F7F7-4286-88D0-0122846CA526}.SingleImage|x86.Build.0 = Release|Any CPU
		{AED294F4-F7F7-4286-88D0-0122846CA526}.suck|Any CPU.ActiveCfg = Debug|Any CPU
		{AED294F4-F7F7-4286-88D0-0122846CA526}.suck|Any CPU.Build.0 = Debug|Any CPU
		{AED294F4-F7F7-4286-88D0-0122846CA526}.suck|Mixed Platforms.ActiveCfg = Debug|Any CPU
		{AED294F4-F7F7-4286-88D0-0122846CA526}.suck|Mixed Platforms.Build.0 = Debug|Any CPU
		{AED294F4-F7F7-4286-88D0-0122846CA526}.suck|x64.ActiveCfg = Debug|Any CPU
		{AED294F4-F7F7-4286-88D0-0122846CA526}.suck|x64.Build.0 = Debug|Any CPU
		{AED294F4-F7F7-4286-88D0-0122846CA526}.suck|x86.ActiveCfg = Debug|Any CPU
		{AED294F4-F7F7-4286-88D0-0122846CA526}.suck|x86.Build.0 = Debug|Any CPU
		{AED294F4-F7F7-4286-88D0-0122846CA526}.xxx|Any CPU.ActiveCfg = Debug|Any CPU
		{AED294F4-F7F7-4286-88D0-0122846CA526}.xxx|Any CPU.Build.0 = Debug|Any CPU
		{AED294F4-F7F7-4286-88D0-0122846CA526}.xxx|Mixed Platforms.ActiveCfg = Debug|Any CPU
		{AED294F4-F7F7-4286-88D0-0122846CA526}.xxx|Mixed Platforms.Build.0 = Debug|Any CPU
		{AED294F4-F7F7-4286-88D0-0122846CA526}.xxx|x64.ActiveCfg = Debug|Any CPU
		{AED294F4-F7F7-4286-88D0-0122846CA526}.xxx|x64.Build.0 = Debug|Any CPU
		{AED294F4-F7F7-4286-88D0-0122846CA526}.xxx|x86.ActiveCfg = Debug|Any CPU
		{AED294F4-F7F7-4286-88D0-0122846CA526}.xxx|x86.Build.0 = Debug|Any CPU
		{F6A8E9E1-B0B8-41ED-A780-E208C262A111}.CD_ROM|Any CPU.ActiveCfg = Release|Any CPU
		{F6A8E9E1-B0B8-41ED-A780-E208C262A111}.CD_ROM|Any CPU.Build.0 = Release|Any CPU
		{F6A8E9E1-B0B8-41ED-A780-E208C262A111}.CD_ROM|Mixed Platforms.ActiveCfg = Release|Any CPU
		{F6A8E9E1-B0B8-41ED-A780-E208C262A111}.CD_ROM|Mixed Platforms.Build.0 = Release|Any CPU
		{F6A8E9E1-B0B8-41ED-A780-E208C262A111}.CD_ROM|x64.ActiveCfg = Debug|Any CPU
		{F6A8E9E1-B0B8-41ED-A780-E208C262A111}.CD_ROM|x64.Build.0 = Debug|Any CPU
		{F6A8E9E1-B0B8-41ED-A780-E208C262A111}.CD_ROM|x86.ActiveCfg = Release|Any CPU
		{F6A8E9E1-B0B8-41ED-A780-E208C262A111}.CD_ROM|x86.Build.0 = Release|Any CPU
		{F6A8E9E1-B0B8-41ED-A780-E208C262A111}.Debug|Any CPU.ActiveCfg = Debug|Any CPU
		{F6A8E9E1-B0B8-41ED-A780-E208C262A111}.Debug|Mixed Platforms.ActiveCfg = Debug|Any CPU
		{F6A8E9E1-B0B8-41ED-A780-E208C262A111}.Debug|Mixed Platforms.Build.0 = Debug|Any CPU
		{F6A8E9E1-B0B8-41ED-A780-E208C262A111}.Debug|x64.ActiveCfg = Debug|Any CPU
		{F6A8E9E1-B0B8-41ED-A780-E208C262A111}.Debug|x64.Build.0 = Debug|Any CPU
		{F6A8E9E1-B0B8-41ED-A780-E208C262A111}.Debug|x86.ActiveCfg = Debug|Any CPU
		{F6A8E9E1-B0B8-41ED-A780-E208C262A111}.Debug|x86.Build.0 = Debug|Any CPU
		{F6A8E9E1-B0B8-41ED-A780-E208C262A111}.DVD-5|Any CPU.ActiveCfg = Debug|Any CPU
		{F6A8E9E1-B0B8-41ED-A780-E208C262A111}.DVD-5|Any CPU.Build.0 = Debug|Any CPU
		{F6A8E9E1-B0B8-41ED-A780-E208C262A111}.DVD-5|Mixed Platforms.ActiveCfg = Debug|Any CPU
		{F6A8E9E1-B0B8-41ED-A780-E208C262A111}.DVD-5|Mixed Platforms.Build.0 = Debug|Any CPU
		{F6A8E9E1-B0B8-41ED-A780-E208C262A111}.DVD-5|x64.ActiveCfg = Debug|Any CPU
		{F6A8E9E1-B0B8-41ED-A780-E208C262A111}.DVD-5|x64.Build.0 = Debug|Any CPU
		{F6A8E9E1-B0B8-41ED-A780-E208C262A111}.DVD-5|x86.ActiveCfg = Debug|Any CPU
		{F6A8E9E1-B0B8-41ED-A780-E208C262A111}.DVD-5|x86.Build.0 = Debug|Any CPU
		{F6A8E9E1-B0B8-41ED-A780-E208C262A111}.Release|Any CPU.ActiveCfg = Release|Any CPU
		{F6A8E9E1-B0B8-41ED-A780-E208C262A111}.Release|Any CPU.Build.0 = Release|Any CPU
		{F6A8E9E1-B0B8-41ED-A780-E208C262A111}.Release|Mixed Platforms.ActiveCfg = Release|Any CPU
		{F6A8E9E1-B0B8-41ED-A780-E208C262A111}.Release|Mixed Platforms.Build.0 = Release|Any CPU
		{F6A8E9E1-B0B8-41ED-A780-E208C262A111}.Release|x64.ActiveCfg = Release|Any CPU
		{F6A8E9E1-B0B8-41ED-A780-E208C262A111}.Release|x64.Build.0 = Release|Any CPU
		{F6A8E9E1-B0B8-41ED-A780-E208C262A111}.Release|x86.ActiveCfg = Release|Any CPU
		{F6A8E9E1-B0B8-41ED-A780-E208C262A111}.Release|x86.Build.0 = Release|Any CPU
		{F6A8E9E1-B0B8-41ED-A780-E208C262A111}.SingleImage|Any CPU.ActiveCfg = Release|Any CPU
		{F6A8E9E1-B0B8-41ED-A780-E208C262A111}.SingleImage|Any CPU.Build.0 = Release|Any CPU
		{F6A8E9E1-B0B8-41ED-A780-E208C262A111}.SingleImage|Mixed Platforms.ActiveCfg = Release|Any CPU
		{F6A8E9E1-B0B8-41ED-A780-E208C262A111}.SingleImage|Mixed Platforms.Build.0 = Release|Any CPU
		{F6A8E9E1-B0B8-41ED-A780-E208C262A111}.SingleImage|x64.ActiveCfg = Debug|Any CPU
		{F6A8E9E1-B0B8-41ED-A780-E208C262A111}.SingleImage|x64.Build.0 = Debug|Any CPU
		{F6A8E9E1-B0B8-41ED-A780-E208C262A111}.SingleImage|x86.ActiveCfg = Release|Any CPU
		{F6A8E9E1-B0B8-41ED-A780-E208C262A111}.SingleImage|x86.Build.0 = Release|Any CPU
		{F6A8E9E1-B0B8-41ED-A780-E208C262A111}.suck|Any CPU.ActiveCfg = Debug|Any CPU
		{F6A8E9E1-B0B8-41ED-A780-E208C262A111}.suck|Any CPU.Build.0 = Debug|Any CPU
		{F6A8E9E1-B0B8-41ED-A780-E208C262A111}.suck|Mixed Platforms.ActiveCfg = Debug|Any CPU
		{F6A8E9E1-B0B8-41ED-A780-E208C262A111}.suck|Mixed Platforms.Build.0 = Debug|Any CPU
		{F6A8E9E1-B0B8-41ED-A780-E208C262A111}.suck|x64.ActiveCfg = Debug|Any CPU
		{F6A8E9E1-B0B8-41ED-A780-E208C262A111}.suck|x64.Build.0 = Debug|Any CPU
		{F6A8E9E1-B0B8-41ED-A780-E208C262A111}.suck|x86.ActiveCfg = Debug|Any CPU
		{F6A8E9E1-B0B8-41ED-A780-E208C262A111}.suck|x86.Build.0 = Debug|Any CPU
		{F6A8E9E1-B0B8-41ED-A780-E208C262A111}.xxx|Any CPU.ActiveCfg = Debug|Any CPU
		{F6A8E9E1-B0B8-41ED-A780-E208C262A111}.xxx|Any CPU.Build.0 = Debug|Any CPU
		{F6A8E9E1-B0B8-41ED-A780-E208C262A111}.xxx|Mixed Platforms.ActiveCfg = Debug|Any CPU
		{F6A8E9E1-B0B8-41ED-A780-E208C262A111}.xxx|Mixed Platforms.Build.0 = Debug|Any CPU
		{F6A8E9E1-B0B8-41ED-A780-E208C262A111}.xxx|x64.ActiveCfg = Debug|Any CPU
		{F6A8E9E1-B0B8-41ED-A780-E208C262A111}.xxx|x64.Build.0 = Debug|Any CPU
		{F6A8E9E1-B0B8-41ED-A780-E208C262A111}.xxx|x86.ActiveCfg = Debug|Any CPU
		{F6A8E9E1-B0B8-41ED-A780-E208C262A111}.xxx|x86.Build.0 = Debug|Any CPU
		{C68FF8A4-C761-43A5-9514-C3EA0E623B69}.CD_ROM|Any CPU.ActiveCfg = Release|Any CPU
		{C68FF8A4-C761-43A5-9514-C3EA0E623B69}.CD_ROM|Any CPU.Build.0 = Release|Any CPU
		{C68FF8A4-C761-43A5-9514-C3EA0E623B69}.CD_ROM|Mixed Platforms.ActiveCfg = Release|Any CPU
		{C68FF8A4-C761-43A5-9514-C3EA0E623B69}.CD_ROM|Mixed Platforms.Build.0 = Release|Any CPU
		{C68FF8A4-C761-43A5-9514-C3EA0E623B69}.CD_ROM|x64.ActiveCfg = Debug|Any CPU
		{C68FF8A4-C761-43A5-9514-C3EA0E623B69}.CD_ROM|x64.Build.0 = Debug|Any CPU
		{C68FF8A4-C761-43A5-9514-C3EA0E623B69}.CD_ROM|x86.ActiveCfg = Release|Any CPU
		{C68FF8A4-C761-43A5-9514-C3EA0E623B69}.CD_ROM|x86.Build.0 = Release|Any CPU
		{C68FF8A4-C761-43A5-9514-C3EA0E623B69}.Debug|Any CPU.ActiveCfg = Debug|Any CPU
		{C68FF8A4-C761-43A5-9514-C3EA0E623B69}.Debug|Mixed Platforms.ActiveCfg = Debug|Any CPU
		{C68FF8A4-C761-43A5-9514-C3EA0E623B69}.Debug|Mixed Platforms.Build.0 = Debug|Any CPU
		{C68FF8A4-C761-43A5-9514-C3EA0E623B69}.Debug|x64.ActiveCfg = Debug|Any CPU
		{C68FF8A4-C761-43A5-9514-C3EA0E623B69}.Debug|x64.Build.0 = Debug|Any CPU
		{C68FF8A4-C761-43A5-9514-C3EA0E623B69}.Debug|x86.ActiveCfg = Debug|Any CPU
		{C68FF8A4-C761-43A5-9514-C3EA0E623B69}.Debug|x86.Build.0 = Debug|Any CPU
		{C68FF8A4-C761-43A5-9514-C3EA0E623B69}.DVD-5|Any CPU.ActiveCfg = Debug|Any CPU
		{C68FF8A4-C761-43A5-9514-C3EA0E623B69}.DVD-5|Any CPU.Build.0 = Debug|Any CPU
		{C68FF8A4-C761-43A5-9514-C3EA0E623B69}.DVD-5|Mixed Platforms.ActiveCfg = Debug|Any CPU
		{C68FF8A4-C761-43A5-9514-C3EA0E623B69}.DVD-5|Mixed Platforms.Build.0 = Debug|Any CPU
		{C68FF8A4-C761-43A5-9514-C3EA0E623B69}.DVD-5|x64.ActiveCfg = Debug|Any CPU
		{C68FF8A4-C761-43A5-9514-C3EA0E623B69}.DVD-5|x64.Build.0 = Debug|Any CPU
		{C68FF8A4-C761-43A5-9514-C3EA0E623B69}.DVD-5|x86.ActiveCfg = Debug|Any CPU
		{C68FF8A4-C761-43A5-9514-C3EA0E623B69}.DVD-5|x86.Build.0 = Debug|Any CPU
		{C68FF8A4-C761-43A5-9514-C3EA0E623B69}.Release|Any CPU.ActiveCfg = Release|Any CPU
		{C68FF8A4-C761-43A5-9514-C3EA0E623B69}.Release|Any CPU.Build.0 = Release|Any CPU
		{C68FF8A4-C761-43A5-9514-C3EA0E623B69}.Release|Mixed Platforms.ActiveCfg = Release|Any CPU
		{C68FF8A4-C761-43A5-9514-C3EA0E623B69}.Release|Mixed Platforms.Build.0 = Release|Any CPU
		{C68FF8A4-C761-43A5-9514-C3EA0E623B69}.Release|x64.ActiveCfg = Release|Any CPU
		{C68FF8A4-C761-43A5-9514-C3EA0E623B69}.Release|x64.Build.0 = Release|Any CPU
		{C68FF8A4-C761-43A5-9514-C3EA0E623B69}.Release|x86.ActiveCfg = Release|Any CPU
		{C68FF8A4-C761-43A5-9514-C3EA0E623B69}.Release|x86.Build.0 = Release|Any CPU
		{C68FF8A4-C761-43A5-9514-C3EA0E623B69}.SingleImage|Any CPU.ActiveCfg = Release|Any CPU
		{C68FF8A4-C761-43A5-9514-C3EA0E623B69}.SingleImage|Any CPU.Build.0 = Release|Any CPU
		{C68FF8A4-C761-43A5-9514-C3EA0E623B69}.SingleImage|Mixed Platforms.ActiveCfg = Release|Any CPU
		{C68FF8A4-C761-43A5-9514-C3EA0E623B69}.SingleImage|Mixed Platforms.Build.0 = Release|Any CPU
		{C68FF8A4-C761-43A5-9514-C3EA0E623B69}.SingleImage|x64.ActiveCfg = Debug|Any CPU
		{C68FF8A4-C761-43A5-9514-C3EA0E623B69}.SingleImage|x64.Build.0 = Debug|Any CPU
		{C68FF8A4-C761-43A5-9514-C3EA0E623B69}.SingleImage|x86.ActiveCfg = Release|Any CPU
		{C68FF8A4-C761-43A5-9514-C3EA0E623B69}.SingleImage|x86.Build.0 = Release|Any CPU
		{C68FF8A4-C761-43A5-9514-C3EA0E623B69}.suck|Any CPU.ActiveCfg = Debug|Any CPU
		{C68FF8A4-C761-43A5-9514-C3EA0E623B69}.suck|Any CPU.Build.0 = Debug|Any CPU
		{C68FF8A4-C761-43A5-9514-C3EA0E623B69}.suck|Mixed Platforms.ActiveCfg = Debug|Any CPU
		{C68FF8A4-C761-43A5-9514-C3EA0E623B69}.suck|Mixed Platforms.Build.0 = Debug|Any CPU
		{C68FF8A4-C761-43A5-9514-C3EA0E623B69}.suck|x64.ActiveCfg = Debug|Any CPU
		{C68FF8A4-C761-43A5-9514-C3EA0E623B69}.suck|x64.Build.0 = Debug|Any CPU
		{C68FF8A4-C761-43A5-9514-C3EA0E623B69}.suck|x86.ActiveCfg = Debug|Any CPU
		{C68FF8A4-C761-43A5-9514-C3EA0E623B69}.suck|x86.Build.0 = Debug|Any CPU
		{C68FF8A4-C761-43A5-9514-C3EA0E623B69}.xxx|Any CPU.ActiveCfg = Debug|Any CPU
		{C68FF8A4-C761-43A5-9514-C3EA0E623B69}.xxx|Any CPU.Build.0 = Debug|Any CPU
		{C68FF8A4-C761-43A5-9514-C3EA0E623B69}.xxx|Mixed Platforms.ActiveCfg = Debug|Any CPU
		{C68FF8A4-C761-43A5-9514-C3EA0E623B69}.xxx|Mixed Platforms.Build.0 = Debug|Any CPU
		{C68FF8A4-C761-43A5-9514-C3EA0E623B69}.xxx|x64.ActiveCfg = Debug|Any CPU
		{C68FF8A4-C761-43A5-9514-C3EA0E623B69}.xxx|x64.Build.0 = Debug|Any CPU
		{C68FF8A4-C761-43A5-9514-C3EA0E623B69}.xxx|x86.ActiveCfg = Debug|Any CPU
		{C68FF8A4-C761-43A5-9514-C3EA0E623B69}.xxx|x86.Build.0 = Debug|Any CPU
		{09DF5A9A-989E-410C-BA72-5A94CF481E57}.CD_ROM|Any CPU.ActiveCfg = Release|Any CPU
		{09DF5A9A-989E-410C-BA72-5A94CF481E57}.CD_ROM|Any CPU.Build.0 = Release|Any CPU
		{09DF5A9A-989E-410C-BA72-5A94CF481E57}.CD_ROM|Mixed Platforms.ActiveCfg = Release|Any CPU
		{09DF5A9A-989E-410C-BA72-5A94CF481E57}.CD_ROM|Mixed Platforms.Build.0 = Release|Any CPU
		{09DF5A9A-989E-410C-BA72-5A94CF481E57}.CD_ROM|x64.ActiveCfg = Debug|Any CPU
		{09DF5A9A-989E-410C-BA72-5A94CF481E57}.CD_ROM|x64.Build.0 = Debug|Any CPU
		{09DF5A9A-989E-410C-BA72-5A94CF481E57}.CD_ROM|x86.ActiveCfg = Release|Any CPU
		{09DF5A9A-989E-410C-BA72-5A94CF481E57}.CD_ROM|x86.Build.0 = Release|Any CPU
		{09DF5A9A-989E-410C-BA72-5A94CF481E57}.Debug|Any CPU.ActiveCfg = Debug|Any CPU
		{09DF5A9A-989E-410C-BA72-5A94CF481E57}.Debug|Mixed Platforms.ActiveCfg = Debug|Any CPU
		{09DF5A9A-989E-410C-BA72-5A94CF481E57}.Debug|Mixed Platforms.Build.0 = Debug|Any CPU
		{09DF5A9A-989E-410C-BA72-5A94CF481E57}.Debug|x64.ActiveCfg = Debug|Any CPU
		{09DF5A9A-989E-410C-BA72-5A94CF481E57}.Debug|x64.Build.0 = Debug|Any CPU
		{09DF5A9A-989E-410C-BA72-5A94CF481E57}.Debug|x86.ActiveCfg = Debug|Any CPU
		{09DF5A9A-989E-410C-BA72-5A94CF481E57}.Debug|x86.Build.0 = Debug|Any CPU
		{09DF5A9A-989E-410C-BA72-5A94CF481E57}.DVD-5|Any CPU.ActiveCfg = Debug|Any CPU
		{09DF5A9A-989E-410C-BA72-5A94CF481E57}.DVD-5|Any CPU.Build.0 = Debug|Any CPU
		{09DF5A9A-989E-410C-BA72-5A94CF481E57}.DVD-5|Mixed Platforms.ActiveCfg = Debug|Any CPU
		{09DF5A9A-989E-410C-BA72-5A94CF481E57}.DVD-5|Mixed Platforms.Build.0 = Debug|Any CPU
		{09DF5A9A-989E-410C-BA72-5A94CF481E57}.DVD-5|x64.ActiveCfg = Debug|Any CPU
		{09DF5A9A-989E-410C-BA72-5A94CF481E57}.DVD-5|x64.Build.0 = Debug|Any CPU
		{09DF5A9A-989E-410C-BA72-5A94CF481E57}.DVD-5|x86.ActiveCfg = Debug|Any CPU
		{09DF5A9A-989E-410C-BA72-5A94CF481E57}.DVD-5|x86.Build.0 = Debug|Any CPU
		{09DF5A9A-989E-410C-BA72-5A94CF481E57}.Release|Any CPU.ActiveCfg = Release|Any CPU
		{09DF5A9A-989E-410C-BA72-5A94CF481E57}.Release|Any CPU.Build.0 = Release|Any CPU
		{09DF5A9A-989E-410C-BA72-5A94CF481E57}.Release|Mixed Platforms.ActiveCfg = Release|Any CPU
		{09DF5A9A-989E-410C-BA72-5A94CF481E57}.Release|Mixed Platforms.Build.0 = Release|Any CPU
		{09DF5A9A-989E-410C-BA72-5A94CF481E57}.Release|x64.ActiveCfg = Release|Any CPU
		{09DF5A9A-989E-410C-BA72-5A94CF481E57}.Release|x64.Build.0 = Release|Any CPU
		{09DF5A9A-989E-410C-BA72-5A94CF481E57}.Release|x86.ActiveCfg = Release|Any CPU
		{09DF5A9A-989E-410C-BA72-5A94CF481E57}.Release|x86.Build.0 = Release|Any CPU
		{09DF5A9A-989E-410C-BA72-5A94CF481E57}.SingleImage|Any CPU.ActiveCfg = Release|Any CPU
		{09DF5A9A-989E-410C-BA72-5A94CF481E57}.SingleImage|Any CPU.Build.0 = Release|Any CPU
		{09DF5A9A-989E-410C-BA72-5A94CF481E57}.SingleImage|Mixed Platforms.ActiveCfg = Release|Any CPU
		{09DF5A9A-989E-410C-BA72-5A94CF481E57}.SingleImage|Mixed Platforms.Build.0 = Release|Any CPU
		{09DF5A9A-989E-410C-BA72-5A94CF481E57}.SingleImage|x64.ActiveCfg = Debug|Any CPU
		{09DF5A9A-989E-410C-BA72-5A94CF481E57}.SingleImage|x64.Build.0 = Debug|Any CPU
		{09DF5A9A-989E-410C-BA72-5A94CF481E57}.SingleImage|x86.ActiveCfg = Release|Any CPU
		{09DF5A9A-989E-410C-BA72-5A94CF481E57}.SingleImage|x86.Build.0 = Release|Any CPU
		{09DF5A9A-989E-410C-BA72-5A94CF481E57}.suck|Any CPU.ActiveCfg = Debug|Any CPU
		{09DF5A9A-989E-410C-BA72-5A94CF481E57}.suck|Any CPU.Build.0 = Debug|Any CPU
		{09DF5A9A-989E-410C-BA72-5A94CF481E57}.suck|Mixed Platforms.ActiveCfg = Debug|Any CPU
		{09DF5A9A-989E-410C-BA72-5A94CF481E57}.suck|Mixed Platforms.Build.0 = Debug|Any CPU
		{09DF5A9A-989E-410C-BA72-5A94CF481E57}.suck|x64.ActiveCfg = Debug|Any CPU
		{09DF5A9A-989E-410C-BA72-5A94CF481E57}.suck|x64.Build.0 = Debug|Any CPU
		{09DF5A9A-989E-410C-BA72-5A94CF481E57}.suck|x86.ActiveCfg = Debug|Any CPU
		{09DF5A9A-989E-410C-BA72-5A94CF481E57}.suck|x86.Build.0 = Debug|Any CPU
		{09DF5A9A-989E-410C-BA72-5A94CF481E57}.xxx|Any CPU.ActiveCfg = Debug|Any CPU
		{09DF5A9A-989E-410C-BA72-5A94CF481E57}.xxx|Any CPU.Build.0 = Debug|Any CPU
		{09DF5A9A-989E-410C-BA72-5A94CF481E57}.xxx|Mixed Platforms.ActiveCfg = Debug|Any CPU
		{09DF5A9A-989E-410C-BA72-5A94CF481E57}.xxx|Mixed Platforms.Build.0 = Debug|Any CPU
		{09DF5A9A-989E-410C-BA72-5A94CF481E57}.xxx|x64.ActiveCfg = Debug|Any CPU
		{09DF5A9A-989E-410C-BA72-5A94CF481E57}.xxx|x64.Build.0 = Debug|Any CPU
		{09DF5A9A-989E-410C-BA72-5A94CF481E57}.xxx|x86.ActiveCfg = Debug|Any CPU
		{09DF5A9A-989E-410C-BA72-5A94CF481E57}.xxx|x86.Build.0 = Debug|Any CPU
		{181FE707-E161-4722-9F38-6AAAB6FAA106}.CD_ROM|Any CPU.ActiveCfg = Release|Any CPU
		{181FE707-E161-4722-9F38-6AAAB6FAA106}.CD_ROM|Any CPU.Build.0 = Release|Any CPU
		{181FE707-E161-4722-9F38-6AAAB6FAA106}.CD_ROM|Mixed Platforms.ActiveCfg = Release|Any CPU
		{181FE707-E161-4722-9F38-6AAAB6FAA106}.CD_ROM|Mixed Platforms.Build.0 = Release|Any CPU
		{181FE707-E161-4722-9F38-6AAAB6FAA106}.CD_ROM|x64.ActiveCfg = Release|Any CPU
		{181FE707-E161-4722-9F38-6AAAB6FAA106}.CD_ROM|x64.Build.0 = Release|Any CPU
		{181FE707-E161-4722-9F38-6AAAB6FAA106}.CD_ROM|x86.ActiveCfg = Release|Any CPU
		{181FE707-E161-4722-9F38-6AAAB6FAA106}.CD_ROM|x86.Build.0 = Release|Any CPU
		{181FE707-E161-4722-9F38-6AAAB6FAA106}.Debug|Any CPU.ActiveCfg = Debug|Any CPU
		{181FE707-E161-4722-9F38-6AAAB6FAA106}.Debug|Any CPU.Build.0 = Debug|Any CPU
		{181FE707-E161-4722-9F38-6AAAB6FAA106}.Debug|Mixed Platforms.ActiveCfg = Debug|Any CPU
		{181FE707-E161-4722-9F38-6AAAB6FAA106}.Debug|Mixed Platforms.Build.0 = Debug|Any CPU
		{181FE707-E161-4722-9F38-6AAAB6FAA106}.Debug|x64.ActiveCfg = Debug|Any CPU
		{181FE707-E161-4722-9F38-6AAAB6FAA106}.Debug|x64.Build.0 = Debug|Any CPU
		{181FE707-E161-4722-9F38-6AAAB6FAA106}.Debug|x86.ActiveCfg = Debug|Any CPU
		{181FE707-E161-4722-9F38-6AAAB6FAA106}.Debug|x86.Build.0 = Debug|Any CPU
		{181FE707-E161-4722-9F38-6AAAB6FAA106}.DVD-5|Any CPU.ActiveCfg = Debug|Any CPU
		{181FE707-E161-4722-9F38-6AAAB6FAA106}.DVD-5|Any CPU.Build.0 = Debug|Any CPU
		{181FE707-E161-4722-9F38-6AAAB6FAA106}.DVD-5|Mixed Platforms.ActiveCfg = Debug|Any CPU
		{181FE707-E161-4722-9F38-6AAAB6FAA106}.DVD-5|Mixed Platforms.Build.0 = Debug|Any CPU
		{181FE707-E161-4722-9F38-6AAAB6FAA106}.DVD-5|x64.ActiveCfg = Debug|Any CPU
		{181FE707-E161-4722-9F38-6AAAB6FAA106}.DVD-5|x64.Build.0 = Debug|Any CPU
		{181FE707-E161-4722-9F38-6AAAB6FAA106}.DVD-5|x86.ActiveCfg = Debug|Any CPU
		{181FE707-E161-4722-9F38-6AAAB6FAA106}.DVD-5|x86.Build.0 = Debug|Any CPU
		{181FE707-E161-4722-9F38-6AAAB6FAA106}.Release|Any CPU.ActiveCfg = Release|Any CPU
		{181FE707-E161-4722-9F38-6AAAB6FAA106}.Release|Any CPU.Build.0 = Release|Any CPU
		{181FE707-E161-4722-9F38-6AAAB6FAA106}.Release|Mixed Platforms.ActiveCfg = Release|Any CPU
		{181FE707-E161-4722-9F38-6AAAB6FAA106}.Release|Mixed Platforms.Build.0 = Release|Any CPU
		{181FE707-E161-4722-9F38-6AAAB6FAA106}.Release|x64.ActiveCfg = Release|Any CPU
		{181FE707-E161-4722-9F38-6AAAB6FAA106}.Release|x64.Build.0 = Release|Any CPU
		{181FE707-E161-4722-9F38-6AAAB6FAA106}.Release|x86.ActiveCfg = Release|Any CPU
		{181FE707-E161-4722-9F38-6AAAB6FAA106}.Release|x86.Build.0 = Release|Any CPU
		{181FE707-E161-4722-9F38-6AAAB6FAA106}.SingleImage|Any CPU.ActiveCfg = Release|Any CPU
		{181FE707-E161-4722-9F38-6AAAB6FAA106}.SingleImage|Any CPU.Build.0 = Release|Any CPU
		{181FE707-E161-4722-9F38-6AAAB6FAA106}.SingleImage|Mixed Platforms.ActiveCfg = Release|Any CPU
		{181FE707-E161-4722-9F38-6AAAB6FAA106}.SingleImage|Mixed Platforms.Build.0 = Release|Any CPU
		{181FE707-E161-4722-9F38-6AAAB6FAA106}.SingleImage|x64.ActiveCfg = Release|Any CPU
		{181FE707-E161-4722-9F38-6AAAB6FAA106}.SingleImage|x64.Build.0 = Release|Any CPU
		{181FE707-E161-4722-9F38-6AAAB6FAA106}.SingleImage|x86.ActiveCfg = Release|Any CPU
		{181FE707-E161-4722-9F38-6AAAB6FAA106}.SingleImage|x86.Build.0 = Release|Any CPU
		{181FE707-E161-4722-9F38-6AAAB6FAA106}.suck|Any CPU.ActiveCfg = Release|Any CPU
		{181FE707-E161-4722-9F38-6AAAB6FAA106}.suck|Any CPU.Build.0 = Release|Any CPU
		{181FE707-E161-4722-9F38-6AAAB6FAA106}.suck|Mixed Platforms.ActiveCfg = Release|Any CPU
		{181FE707-E161-4722-9F38-6AAAB6FAA106}.suck|Mixed Platforms.Build.0 = Release|Any CPU
		{181FE707-E161-4722-9F38-6AAAB6FAA106}.suck|x64.ActiveCfg = Release|Any CPU
		{181FE707-E161-4722-9F38-6AAAB6FAA106}.suck|x64.Build.0 = Release|Any CPU
		{181FE707-E161-4722-9F38-6AAAB6FAA106}.suck|x86.ActiveCfg = Release|Any CPU
		{181FE707-E161-4722-9F38-6AAAB6FAA106}.suck|x86.Build.0 = Release|Any CPU
		{181FE707-E161-4722-9F38-6AAAB6FAA106}.xxx|Any CPU.ActiveCfg = Release|Any CPU
		{181FE707-E161-4722-9F38-6AAAB6FAA106}.xxx|Any CPU.Build.0 = Release|Any CPU
		{181FE707-E161-4722-9F38-6AAAB6FAA106}.xxx|Mixed Platforms.ActiveCfg = Release|Any CPU
		{181FE707-E161-4722-9F38-6AAAB6FAA106}.xxx|Mixed Platforms.Build.0 = Release|Any CPU
		{181FE707-E161-4722-9F38-6AAAB6FAA106}.xxx|x64.ActiveCfg = Release|Any CPU
		{181FE707-E161-4722-9F38-6AAAB6FAA106}.xxx|x64.Build.0 = Release|Any CPU
		{181FE707-E161-4722-9F38-6AAAB6FAA106}.xxx|x86.ActiveCfg = Release|Any CPU
		{181FE707-E161-4722-9F38-6AAAB6FAA106}.xxx|x86.Build.0 = Release|Any CPU
		{4467275A-037D-49E2-BA6F-E0C4FBB8AB81}.CD_ROM|Any CPU.ActiveCfg = Release|Any CPU
		{4467275A-037D-49E2-BA6F-E0C4FBB8AB81}.CD_ROM|Any CPU.Build.0 = Release|Any CPU
		{4467275A-037D-49E2-BA6F-E0C4FBB8AB81}.CD_ROM|Mixed Platforms.ActiveCfg = Release|Any CPU
		{4467275A-037D-49E2-BA6F-E0C4FBB8AB81}.CD_ROM|Mixed Platforms.Build.0 = Release|Any CPU
		{4467275A-037D-49E2-BA6F-E0C4FBB8AB81}.CD_ROM|x64.ActiveCfg = Release|Any CPU
		{4467275A-037D-49E2-BA6F-E0C4FBB8AB81}.CD_ROM|x64.Build.0 = Release|Any CPU
		{4467275A-037D-49E2-BA6F-E0C4FBB8AB81}.CD_ROM|x86.ActiveCfg = Release|Any CPU
		{4467275A-037D-49E2-BA6F-E0C4FBB8AB81}.CD_ROM|x86.Build.0 = Release|Any CPU
		{4467275A-037D-49E2-BA6F-E0C4FBB8AB81}.Debug|Any CPU.ActiveCfg = Debug|Any CPU
		{4467275A-037D-49E2-BA6F-E0C4FBB8AB81}.Debug|Any CPU.Build.0 = Debug|Any CPU
		{4467275A-037D-49E2-BA6F-E0C4FBB8AB81}.Debug|Mixed Platforms.ActiveCfg = Debug|Any CPU
		{4467275A-037D-49E2-BA6F-E0C4FBB8AB81}.Debug|Mixed Platforms.Build.0 = Debug|Any CPU
		{4467275A-037D-49E2-BA6F-E0C4FBB8AB81}.Debug|x64.ActiveCfg = Debug|Any CPU
		{4467275A-037D-49E2-BA6F-E0C4FBB8AB81}.Debug|x64.Build.0 = Debug|Any CPU
		{4467275A-037D-49E2-BA6F-E0C4FBB8AB81}.Debug|x86.ActiveCfg = Debug|Any CPU
		{4467275A-037D-49E2-BA6F-E0C4FBB8AB81}.Debug|x86.Build.0 = Debug|Any CPU
		{4467275A-037D-49E2-BA6F-E0C4FBB8AB81}.DVD-5|Any CPU.ActiveCfg = Debug|Any CPU
		{4467275A-037D-49E2-BA6F-E0C4FBB8AB81}.DVD-5|Any CPU.Build.0 = Debug|Any CPU
		{4467275A-037D-49E2-BA6F-E0C4FBB8AB81}.DVD-5|Mixed Platforms.ActiveCfg = Debug|Any CPU
		{4467275A-037D-49E2-BA6F-E0C4FBB8AB81}.DVD-5|Mixed Platforms.Build.0 = Debug|Any CPU
		{4467275A-037D-49E2-BA6F-E0C4FBB8AB81}.DVD-5|x64.ActiveCfg = Debug|Any CPU
		{4467275A-037D-49E2-BA6F-E0C4FBB8AB81}.DVD-5|x64.Build.0 = Debug|Any CPU
		{4467275A-037D-49E2-BA6F-E0C4FBB8AB81}.DVD-5|x86.ActiveCfg = Debug|Any CPU
		{4467275A-037D-49E2-BA6F-E0C4FBB8AB81}.DVD-5|x86.Build.0 = Debug|Any CPU
		{4467275A-037D-49E2-BA6F-E0C4FBB8AB81}.Release|Any CPU.ActiveCfg = Release|Any CPU
		{4467275A-037D-49E2-BA6F-E0C4FBB8AB81}.Release|Any CPU.Build.0 = Release|Any CPU
		{4467275A-037D-49E2-BA6F-E0C4FBB8AB81}.Release|Mixed Platforms.ActiveCfg = Release|Any CPU
		{4467275A-037D-49E2-BA6F-E0C4FBB8AB81}.Release|Mixed Platforms.Build.0 = Release|Any CPU
		{4467275A-037D-49E2-BA6F-E0C4FBB8AB81}.Release|x64.ActiveCfg = Release|Any CPU
		{4467275A-037D-49E2-BA6F-E0C4FBB8AB81}.Release|x64.Build.0 = Release|Any CPU
		{4467275A-037D-49E2-BA6F-E0C4FBB8AB81}.Release|x86.ActiveCfg = Release|Any CPU
		{4467275A-037D-49E2-BA6F-E0C4FBB8AB81}.Release|x86.Build.0 = Release|Any CPU
		{4467275A-037D-49E2-BA6F-E0C4FBB8AB81}.SingleImage|Any CPU.ActiveCfg = Release|Any CPU
		{4467275A-037D-49E2-BA6F-E0C4FBB8AB81}.SingleImage|Any CPU.Build.0 = Release|Any CPU
		{4467275A-037D-49E2-BA6F-E0C4FBB8AB81}.SingleImage|Mixed Platforms.ActiveCfg = Release|Any CPU
		{4467275A-037D-49E2-BA6F-E0C4FBB8AB81}.SingleImage|Mixed Platforms.Build.0 = Release|Any CPU
		{4467275A-037D-49E2-BA6F-E0C4FBB8AB81}.SingleImage|x64.ActiveCfg = Release|Any CPU
		{4467275A-037D-49E2-BA6F-E0C4FBB8AB81}.SingleImage|x64.Build.0 = Release|Any CPU
		{4467275A-037D-49E2-BA6F-E0C4FBB8AB81}.SingleImage|x86.ActiveCfg = Release|Any CPU
		{4467275A-037D-49E2-BA6F-E0C4FBB8AB81}.SingleImage|x86.Build.0 = Release|Any CPU
		{4467275A-037D-49E2-BA6F-E0C4FBB8AB81}.suck|Any CPU.ActiveCfg = Release|Any CPU
		{4467275A-037D-49E2-BA6F-E0C4FBB8AB81}.suck|Any CPU.Build.0 = Release|Any CPU
		{4467275A-037D-49E2-BA6F-E0C4FBB8AB81}.suck|Mixed Platforms.ActiveCfg = Release|Any CPU
		{4467275A-037D-49E2-BA6F-E0C4FBB8AB81}.suck|Mixed Platforms.Build.0 = Release|Any CPU
		{4467275A-037D-49E2-BA6F-E0C4FBB8AB81}.suck|x64.ActiveCfg = Release|Any CPU
		{4467275A-037D-49E2-BA6F-E0C4FBB8AB81}.suck|x64.Build.0 = Release|Any CPU
		{4467275A-037D-49E2-BA6F-E0C4FBB8AB81}.suck|x86.ActiveCfg = Release|Any CPU
		{4467275A-037D-49E2-BA6F-E0C4FBB8AB81}.suck|x86.Build.0 = Release|Any CPU
		{4467275A-037D-49E2-BA6F-E0C4FBB8AB81}.xxx|Any CPU.ActiveCfg = Release|Any CPU
		{4467275A-037D-49E2-BA6F-E0C4FBB8AB81}.xxx|Any CPU.Build.0 = Release|Any CPU
		{4467275A-037D-49E2-BA6F-E0C4FBB8AB81}.xxx|Mixed Platforms.ActiveCfg = Release|Any CPU
		{4467275A-037D-49E2-BA6F-E0C4FBB8AB81}.xxx|Mixed Platforms.Build.0 = Release|Any CPU
		{4467275A-037D-49E2-BA6F-E0C4FBB8AB81}.xxx|x64.ActiveCfg = Release|Any CPU
		{4467275A-037D-49E2-BA6F-E0C4FBB8AB81}.xxx|x64.Build.0 = Release|Any CPU
		{4467275A-037D-49E2-BA6F-E0C4FBB8AB81}.xxx|x86.ActiveCfg = Release|Any CPU
		{4467275A-037D-49E2-BA6F-E0C4FBB8AB81}.xxx|x86.Build.0 = Release|Any CPU
		{4B51AA97-C89F-429A-A5AB-C4B3A00E2758}.CD_ROM|Any CPU.ActiveCfg = Release|Any CPU
		{4B51AA97-C89F-429A-A5AB-C4B3A00E2758}.CD_ROM|Any CPU.Build.0 = Release|Any CPU
		{4B51AA97-C89F-429A-A5AB-C4B3A00E2758}.CD_ROM|Mixed Platforms.ActiveCfg = Release|Any CPU
		{4B51AA97-C89F-429A-A5AB-C4B3A00E2758}.CD_ROM|Mixed Platforms.Build.0 = Release|Any CPU
		{4B51AA97-C89F-429A-A5AB-C4B3A00E2758}.CD_ROM|x64.ActiveCfg = Release|Any CPU
		{4B51AA97-C89F-429A-A5AB-C4B3A00E2758}.CD_ROM|x64.Build.0 = Release|Any CPU
		{4B51AA97-C89F-429A-A5AB-C4B3A00E2758}.CD_ROM|x86.ActiveCfg = Release|Any CPU
		{4B51AA97-C89F-429A-A5AB-C4B3A00E2758}.CD_ROM|x86.Build.0 = Release|Any CPU
		{4B51AA97-C89F-429A-A5AB-C4B3A00E2758}.Debug|Any CPU.ActiveCfg = Debug|Any CPU
		{4B51AA97-C89F-429A-A5AB-C4B3A00E2758}.Debug|Any CPU.Build.0 = Debug|Any CPU
		{4B51AA97-C89F-429A-A5AB-C4B3A00E2758}.Debug|Mixed Platforms.ActiveCfg = Debug|Any CPU
		{4B51AA97-C89F-429A-A5AB-C4B3A00E2758}.Debug|Mixed Platforms.Build.0 = Debug|Any CPU
		{4B51AA97-C89F-429A-A5AB-C4B3A00E2758}.Debug|x64.ActiveCfg = Debug|Any CPU
		{4B51AA97-C89F-429A-A5AB-C4B3A00E2758}.Debug|x64.Build.0 = Debug|Any CPU
		{4B51AA97-C89F-429A-A5AB-C4B3A00E2758}.Debug|x86.ActiveCfg = Debug|Any CPU
		{4B51AA97-C89F-429A-A5AB-C4B3A00E2758}.Debug|x86.Build.0 = Debug|Any CPU
		{4B51AA97-C89F-429A-A5AB-C4B3A00E2758}.DVD-5|Any CPU.ActiveCfg = Debug|Any CPU
		{4B51AA97-C89F-429A-A5AB-C4B3A00E2758}.DVD-5|Any CPU.Build.0 = Debug|Any CPU
		{4B51AA97-C89F-429A-A5AB-C4B3A00E2758}.DVD-5|Mixed Platforms.ActiveCfg = Debug|Any CPU
		{4B51AA97-C89F-429A-A5AB-C4B3A00E2758}.DVD-5|Mixed Platforms.Build.0 = Debug|Any CPU
		{4B51AA97-C89F-429A-A5AB-C4B3A00E2758}.DVD-5|x64.ActiveCfg = Debug|Any CPU
		{4B51AA97-C89F-429A-A5AB-C4B3A00E2758}.DVD-5|x64.Build.0 = Debug|Any CPU
		{4B51AA97-C89F-429A-A5AB-C4B3A00E2758}.DVD-5|x86.ActiveCfg = Debug|Any CPU
		{4B51AA97-C89F-429A-A5AB-C4B3A00E2758}.DVD-5|x86.Build.0 = Debug|Any CPU
		{4B51AA97-C89F-429A-A5AB-C4B3A00E2758}.Release|Any CPU.ActiveCfg = Release|Any CPU
		{4B51AA97-C89F-429A-A5AB-C4B3A00E2758}.Release|Any CPU.Build.0 = Release|Any CPU
		{4B51AA97-C89F-429A-A5AB-C4B3A00E2758}.Release|Mixed Platforms.ActiveCfg = Release|Any CPU
		{4B51AA97-C89F-429A-A5AB-C4B3A00E2758}.Release|Mixed Platforms.Build.0 = Release|Any CPU
		{4B51AA97-C89F-429A-A5AB-C4B3A00E2758}.Release|x64.ActiveCfg = Release|Any CPU
		{4B51AA97-C89F-429A-A5AB-C4B3A00E2758}.Release|x64.Build.0 = Release|Any CPU
		{4B51AA97-C89F-429A-A5AB-C4B3A00E2758}.Release|x86.ActiveCfg = Release|Any CPU
		{4B51AA97-C89F-429A-A5AB-C4B3A00E2758}.Release|x86.Build.0 = Release|Any CPU
		{4B51AA97-C89F-429A-A5AB-C4B3A00E2758}.SingleImage|Any CPU.ActiveCfg = Release|Any CPU
		{4B51AA97-C89F-429A-A5AB-C4B3A00E2758}.SingleImage|Any CPU.Build.0 = Release|Any CPU
		{4B51AA97-C89F-429A-A5AB-C4B3A00E2758}.SingleImage|Mixed Platforms.ActiveCfg = Release|Any CPU
		{4B51AA97-C89F-429A-A5AB-C4B3A00E2758}.SingleImage|Mixed Platforms.Build.0 = Release|Any CPU
		{4B51AA97-C89F-429A-A5AB-C4B3A00E2758}.SingleImage|x64.ActiveCfg = Release|Any CPU
		{4B51AA97-C89F-429A-A5AB-C4B3A00E2758}.SingleImage|x64.Build.0 = Release|Any CPU
		{4B51AA97-C89F-429A-A5AB-C4B3A00E2758}.SingleImage|x86.ActiveCfg = Release|Any CPU
		{4B51AA97-C89F-429A-A5AB-C4B3A00E2758}.SingleImage|x86.Build.0 = Release|Any CPU
		{4B51AA97-C89F-429A-A5AB-C4B3A00E2758}.suck|Any CPU.ActiveCfg = Release|Any CPU
		{4B51AA97-C89F-429A-A5AB-C4B3A00E2758}.suck|Any CPU.Build.0 = Release|Any CPU
		{4B51AA97-C89F-429A-A5AB-C4B3A00E2758}.suck|Mixed Platforms.ActiveCfg = Release|Any CPU
		{4B51AA97-C89F-429A-A5AB-C4B3A00E2758}.suck|Mixed Platforms.Build.0 = Release|Any CPU
		{4B51AA97-C89F-429A-A5AB-C4B3A00E2758}.suck|x64.ActiveCfg = Release|Any CPU
		{4B51AA97-C89F-429A-A5AB-C4B3A00E2758}.suck|x64.Build.0 = Release|Any CPU
		{4B51AA97-C89F-429A-A5AB-C4B3A00E2758}.suck|x86.ActiveCfg = Release|Any CPU
		{4B51AA97-C89F-429A-A5AB-C4B3A00E2758}.suck|x86.Build.0 = Release|Any CPU
		{4B51AA97-C89F-429A-A5AB-C4B3A00E2758}.xxx|Any CPU.ActiveCfg = Release|Any CPU
		{4B51AA97-C89F-429A-A5AB-C4B3A00E2758}.xxx|Any CPU.Build.0 = Release|Any CPU
		{4B51AA97-C89F-429A-A5AB-C4B3A00E2758}.xxx|Mixed Platforms.ActiveCfg = Release|Any CPU
		{4B51AA97-C89F-429A-A5AB-C4B3A00E2758}.xxx|Mixed Platforms.Build.0 = Release|Any CPU
		{4B51AA97-C89F-429A-A5AB-C4B3A00E2758}.xxx|x64.ActiveCfg = Release|Any CPU
		{4B51AA97-C89F-429A-A5AB-C4B3A00E2758}.xxx|x64.Build.0 = Release|Any CPU
		{4B51AA97-C89F-429A-A5AB-C4B3A00E2758}.xxx|x86.ActiveCfg = Release|Any CPU
		{4B51AA97-C89F-429A-A5AB-C4B3A00E2758}.xxx|x86.Build.0 = Release|Any CPU
	EndGlobalSection
	GlobalSection(SolutionProperties) = preSolution
		HideSolutionNode = FALSE
	EndGlobalSection
	GlobalSection(NestedProjects) = preSolution
		{3935BBB0-0A0F-4BF6-8772-FFC3CF06414E} = {6D203473-F9B6-4E50-BA71-DA8A0BA637D5}
		{E2948079-2536-4B07-9429-07655E8353D6} = {6D203473-F9B6-4E50-BA71-DA8A0BA637D5}
		{FB859163-1765-4A42-A129-9C0CC60F2F61} = {6D203473-F9B6-4E50-BA71-DA8A0BA637D5}
		{AED294F4-F7F7-4286-88D0-0122846CA526} = {24F2CB9B-C4EC-4ED9-B611-DAFA34BD7D1D}
		{F6A8E9E1-B0B8-41ED-A780-E208C262A111} = {24F2CB9B-C4EC-4ED9-B611-DAFA34BD7D1D}
		{C68FF8A4-C761-43A5-9514-C3EA0E623B69} = {24F2CB9B-C4EC-4ED9-B611-DAFA34BD7D1D}
		{09DF5A9A-989E-410C-BA72-5A94CF481E57} = {24F2CB9B-C4EC-4ED9-B611-DAFA34BD7D1D}
		{181FE707-E161-4722-9F38-6AAAB6FAA106} = {25E4ED7F-23C8-4B66-8099-4536D82F1D2A}
		{4467275A-037D-49E2-BA6F-E0C4FBB8AB81} = {6D203473-F9B6-4E50-BA71-DA8A0BA637D5}
		{4B51AA97-C89F-429A-A5AB-C4B3A00E2758} = {25E4ED7F-23C8-4B66-8099-4536D82F1D2A}
	EndGlobalSection
	GlobalSection(ExtensibilityGlobals) = postSolution
		VisualSVNWorkingCopyRoot = .
	EndGlobalSection
EndGlobal
